# THIS IS AN AUTOGENERATED FILE. DO NOT EDIT THIS FILE DIRECTLY.
# yarn lockfile v1


"@types/core-js@^0.9.46":
  version "0.9.46"
  resolved "https://registry.npmjs.org/@types/core-js/-/core-js-0.9.46.tgz#ea701ee34cbb6dfe6d100f1530319547c93c8d79"

"@types/csv-parse@^1.1.11":
  version "1.1.11"
  resolved "https://registry.npmjs.org/@types/csv-parse/-/csv-parse-1.1.11.tgz#47d68b5579e66aa0d55af9dbae76f1d2ff836f1d"
  dependencies:
    "@types/node" "*"

"@types/csv-stringify@^1.4.2":
  version "1.4.2"
  resolved "https://registry.npmjs.org/@types/csv-stringify/-/csv-stringify-1.4.2.tgz#3a71c6f508ae434339e2304d36bb00177e659d95"
  dependencies:
    "@types/node" "*"

"@types/node@*":
  version "10.1.0"
  resolved "https://registry.npmjs.org/@types/node/-/node-10.1.0.tgz#2783ee1b6c47cbd4044f4a233976c1ac5fa9e942"

core-js@^2.5.5:
  version "2.5.6"
  resolved "https://registry.npmjs.org/core-js/-/core-js-2.5.6.tgz#0fe6d45bf3cac3ac364a9d72de7576f4eb221b9d"

csv-parse@^2.0.4:
  version "2.4.0"
  resolved "https://registry.npmjs.org/csv-parse/-/csv-parse-2.4.0.tgz#d4c72a1533734b2c2a65f486d13091264cacc115"

csv-stringify@^2.0.4:
  version "2.1.0"
  resolved "https://registry.npmjs.org/csv-stringify/-/csv-stringify-2.1.0.tgz#b144445a2a5e17cc1cf668282fce421482c23272"
  dependencies:
    lodash.get "~4.4.2"

deep-copy@^1.4.2:
  version "1.4.2"
  resolved "https://registry.npmjs.org/deep-copy/-/deep-copy-1.4.2.tgz#0622719257e4bd60240e401ea96718211c5c4697"

lodash.get@~4.4.2:
  version "4.4.2"
  resolved "https://registry.npmjs.org/lodash.get/-/lodash.get-4.4.2.tgz#2d177f652fa31e939b4438d5341499dfa3825e99"

typescript@2.8.3:
  version "2.8.3"
  resolved "https://registry.npmjs.org/typescript/-/typescript-2.8.3.tgz#5d817f9b6f31bb871835f4edf0089f21abe6c170"
